
Microsoft Visual Studio Solution File, Format Version 12.00
# Visual Studio 2013
VisualStudioVersion = 12.0.21005.1
MinimumVisualStudioVersion = 10.0.40219.1
Project("{FAE04EC0-301F-11D3-BF4B-00C04F79EFBC}") = "MaxEntDecoding", "MaxEnt\MaxEntDecoding.csproj", "{650832FF-C7D1-4693-BA58-E8052B86CED2}"
EndProject
Project("{FAE04EC0-301F-11D3-BF4B-00C04F79EFBC}") = "EmpiricalEstimation", "EmpiricalEstimation\EmpiricalEstimation.csproj", "{241071A6-1A2A-4B49-A0C4-921CED87EB37}"
EndProject
Project("{FAE04EC0-301F-11D3-BF4B-00C04F79EFBC}") = "MaxEntFullImplementation", "MaxEntFullImplementation\MaxEntFullImplementation.csproj", "{12B18B5F-E77B-450C-BCF4-2981B5C889FC}"
EndProject
Project("{FAE04EC0-301F-11D3-BF4B-00C04F79EFBC}") = "Calc_model_exp", "Calc_model_exp\Calc_model_exp.csproj", "{55EC7A16-1BA3-4401-B22F-B0FD6E74B958}"
EndProject
Global
	GlobalSection(SolutionConfigurationPlatforms) = preSolution
		Debug|Any CPU = Debug|Any CPU
		Release|Any CPU = Release|Any CPU
	EndGlobalSection
	GlobalSection(ProjectConfigurationPlatforms) = postSolution
		{650832FF-C7D1-4693-BA58-E8052B86CED2}.Debug|Any CPU.ActiveCfg = Debug|Any CPU
		{650832FF-C7D1-4693-BA58-E8052B86CED2}.Debug|Any CPU.Build.0 = Debug|Any CPU
		{650832FF-C7D1-4693-BA58-E8052B86CED2}.Release|Any CPU.ActiveCfg = Release|Any CPU
		{650832FF-C7D1-4693-BA58-E8052B86CED2}.Release|Any CPU.Build.0 = Release|Any CPU
		{241071A6-1A2A-4B49-A0C4-921CED87EB37}.Debug|Any CPU.ActiveCfg = Debug|Any CPU
		{241071A6-1A2A-4B49-A0C4-921CED87EB37}.Debug|Any CPU.Build.0 = Debug|Any CPU
		{241071A6-1A2A-4B49-A0C4-921CED87EB37}.Release|Any CPU.ActiveCfg = Release|Any CPU
		{241071A6-1A2A-4B49-A0C4-921CED87EB37}.Release|Any CPU.Build.0 = Release|Any CPU
		{12B18B5F-E77B-450C-BCF4-2981B5C889FC}.Debug|Any CPU.ActiveCfg = Debug|Any CPU
		{12B18B5F-E77B-450C-BCF4-2981B5C889FC}.Debug|Any CPU.Build.0 = Debug|Any CPU
		{12B18B5F-E77B-450C-BCF4-2981B5C889FC}.Release|Any CPU.ActiveCfg = Release|Any CPU
		{12B18B5F-E77B-450C-BCF4-2981B5C889FC}.Release|Any CPU.Build.0 = Release|Any CPU
		{55EC7A16-1BA3-4401-B22F-B0FD6E74B958}.Debug|Any CPU.ActiveCfg = Debug|Any CPU
		{55EC7A16-1BA3-4401-B22F-B0FD6E74B958}.Debug|Any CPU.Build.0 = Debug|Any CPU
		{55EC7A16-1BA3-4401-B22F-B0FD6E74B958}.Release|Any CPU.ActiveCfg = Release|Any CPU
		{55EC7A16-1BA3-4401-B22F-B0FD6E74B958}.Release|Any CPU.Build.0 = Release|Any CPU
	EndGlobalSection
	GlobalSection(SolutionProperties) = preSolution
		HideSolutionNode = FALSE
	EndGlobalSection
EndGlobal
